// !$*UTF8*$!
{
	archiveVersion = 1;
	classes = {
	};
	objectVersion = 55;
	objects = {

/* Begin PBXBuildFile section */
		7F441D3228BD97D70056612C /* AppDelegate.swift in Sources */ = {isa = PBXBuildFile; fileRef = 7F441D3128BD97D70056612C /* AppDelegate.swift */; };
		7F441D3428BD97D70056612C /* ContentView.swift in Sources */ = {isa = PBXBuildFile; fileRef = 7F441D3328BD97D70056612C /* ContentView.swift */; };
		7F441D3628BD97D70056612C /* Experience.rcproject in Sources */ = {isa = PBXBuildFile; fileRef = 7F441D3528BD97D70056612C /* Experience.rcproject */; };
		7F441D3828BD97DA0056612C /* Assets.xcassets in Resources */ = {isa = PBXBuildFile; fileRef = 7F441D3728BD97DA0056612C /* Assets.xcassets */; };
		7F441D3B28BD97DA0056612C /* Preview Assets.xcassets in Resources */ = {isa = PBXBuildFile; fileRef = 7F441D3A28BD97DA0056612C /* Preview Assets.xcassets */; };
		7F441D4228BD98A70056612C /* HomeView.swift in Sources */ = {isa = PBXBuildFile; fileRef = 7F441D4128BD98A70056612C /* HomeView.swift */; };
		7F441D4428BD99610056612C /* SensorView.swift in Sources */ = {isa = PBXBuildFile; fileRef = 7F441D4328BD99610056612C /* SensorView.swift */; };
		7F441D4628BD9D890056612C /* PlayerView.swift in Sources */ = {isa = PBXBuildFile; fileRef = 7F441D4528BD9D890056612C /* PlayerView.swift */; };
		E7656F6B98446B4DA79DF054 /* Pods_JecSensor49.framework in Frameworks */ = {isa = PBXBuildFile; fileRef = 1BE6730A6F4DD5094C757192 /* Pods_JecSensor49.framework */; };
/* End PBXBuildFile section */

/* Begin PBXFileReference section */
		1BE6730A6F4DD5094C757192 /* Pods_JecSensor49.framework */ = {isa = PBXFileReference; explicitFileType = wrapper.framework; includeInIndex = 0; path = Pods_JecSensor49.framework; sourceTree = BUILT_PRODUCTS_DIR; };
		413AE7C1B7CB061ADC4E6FCF /* Pods-JecSensor49.debug.xcconfig */ = {isa = PBXFileReference; includeInIndex = 1; lastKnownFileType = text.xcconfig; name = "Pods-JecSensor49.debug.xcconfig"; path = "Target Support Files/Pods-JecSensor49/Pods-JecSensor49.debug.xcconfig"; sourceTree = "<group>"; };
		7F441D2E28BD97D70056612C /* JecSensor49.app */ = {isa = PBXFileReference; explicitFileType = wrapper.application; includeInIndex = 0; path = JecSensor49.app; sourceTree = BUILT_PRODUCTS_DIR; };
		7F441D3128BD97D70056612C /* AppDelegate.swift */ = {isa = PBXFileReference; lastKnownFileType = sourcecode.swift; path = AppDelegate.swift; sourceTree = "<group>"; };
		7F441D3328BD97D70056612C /* ContentView.swift */ = {isa = PBXFileReference; lastKnownFileType = sourcecode.swift; path = ContentView.swift; sourceTree = "<group>"; };
		7F441D3528BD97D70056612C /* Experience.rcproject */ = {isa = PBXFileReference; lastKnownFileType = file.rcproject; path = Experience.rcproject; sourceTree = "<group>"; };
		7F441D3728BD97DA0056612C /* Assets.xcassets */ = {isa = PBXFileReference; lastKnownFileType = folder.assetcatalog; path = Assets.xcassets; sourceTree = "<group>"; };
		7F441D3A28BD97DA0056612C /* Preview Assets.xcassets */ = {isa = PBXFileReference; lastKnownFileType = folder.assetcatalog; path = "Preview Assets.xcassets"; sourceTree = "<group>"; };
		7F441D4128BD98A70056612C /* HomeView.swift */ = {isa = PBXFileReference; lastKnownFileType = sourcecode.swift; path = HomeView.swift; sourceTree = "<group>"; };
		7F441D4328BD99610056612C /* SensorView.swift */ = {isa = PBXFileReference; lastKnownFileType = sourcecode.swift; path = SensorView.swift; sourceTree = "<group>"; };
		7F441D4528BD9D890056612C /* PlayerView.swift */ = {isa = PBXFileReference; lastKnownFileType = sourcecode.swift; path = PlayerView.swift; sourceTree = "<group>"; };
		8D26FF812A7E4527680D1F11 /* Pods-JecSensor49.release.xcconfig */ = {isa = PBXFileReference; includeInIndex = 1; lastKnownFileType = text.xcconfig; name = "Pods-JecSensor49.release.xcconfig"; path = "Target Support Files/Pods-JecSensor49/Pods-JecSensor49.release.xcconfig"; sourceTree = "<group>"; };
/* End PBXFileReference section */

/* Begin PBXFrameworksBuildPhase section */
		7F441D2B28BD97D70056612C /* Frameworks */ = {
			isa = PBXFrameworksBuildPhase;
			buildActionMask = 2147483647;
			files = (
				E7656F6B98446B4DA79DF054 /* Pods_JecSensor49.framework in Frameworks */,
			);
			runOnlyForDeploymentPostprocessing = 0;
		};
/* End PBXFrameworksBuildPhase section */

/* Begin PBXGroup section */
		235C29ECD40641EBDB627DE0 /* Pods */ = {
			isa = PBXGroup;
			children = (
				413AE7C1B7CB061ADC4E6FCF /* Pods-JecSensor49.debug.xcconfig */,
				8D26FF812A7E4527680D1F11 /* Pods-JecSensor49.release.xcconfig */,
			);
			path = Pods;
			sourceTree = "<group>";
		};
		7F441D2528BD97D70056612C = {
			isa = PBXGroup;
			children = (
				7F441D3028BD97D70056612C /* JecSensor49 */,
				7F441D2F28BD97D70056612C /* Products */,
				235C29ECD40641EBDB627DE0 /* Pods */,
				AF2DF4AA60717ABE80D2648A /* Frameworks */,
			);
			sourceTree = "<group>";
		};
		7F441D2F28BD97D70056612C /* Products */ = {
			isa = PBXGroup;
			children = (
				7F441D2E28BD97D70056612C /* JecSensor49.app */,
			);
			name = Products;
			sourceTree = "<group>";
		};
		7F441D3028BD97D70056612C /* JecSensor49 */ = {
			isa = PBXGroup;
			children = (
				7F441D3128BD97D70056612C /* AppDelegate.swift */,
				7F441D3328BD97D70056612C /* ContentView.swift */,
				7F441D4528BD9D890056612C /* PlayerView.swift */,
				7F441D4128BD98A70056612C /* HomeView.swift */,
				7F441D4328BD99610056612C /* SensorView.swift */,
				7F441D3528BD97D70056612C /* Experience.rcproject */,
				7F441D3728BD97DA0056612C /* Assets.xcassets */,
				7F441D3928BD97DA0056612C /* Preview Content */,
			);
			path = JecSensor49;
			sourceTree = "<group>";
		};
		7F441D3928BD97DA0056612C /* Preview Content */ = {
			isa = PBXGroup;
			children = (
				7F441D3A28BD97DA0056612C /* Preview Assets.xcassets */,
			);
			path = "Preview Content";
			sourceTree = "<group>";
		};
		AF2DF4AA60717ABE80D2648A /* Frameworks */ = {
			isa = PBXGroup;
			children = (
				1BE6730A6F4DD5094C757192 /* Pods_JecSensor49.framework */,
			);
			name = Frameworks;
			sourceTree = "<group>";
		};
/* End PBXGroup section */

/* Begin PBXNativeTarget section */
		7F441D2D28BD97D70056612C /* JecSensor49 */ = {
			isa = PBXNativeTarget;
			buildConfigurationList = 7F441D3E28BD97DA0056612C /* Build configuration list for PBXNativeTarget "JecSensor49" */;
			buildPhases = (
				EC370A411FEB4A7E0BDC63D2 /* [CP] Check Pods Manifest.lock */,
				7F441D2A28BD97D70056612C /* Sources */,
				7F441D2B28BD97D70056612C /* Frameworks */,
				7F441D2C28BD97D70056612C /* Resources */,
				774FB7E4D5037A8AACB2ED90 /* [CP] Embed Pods Frameworks */,
			);
			buildRules = (
			);
			dependencies = (
			);
			name = JecSensor49;
			productName = JecSensor49;
			productReference = 7F441D2E28BD97D70056612C /* JecSensor49.app */;
			productType = "com.apple.product-type.application";
		};
/* End PBXNativeTarget section */

/* Begin PBXProject section */
		7F441D2628BD97D70056612C /* Project object */ = {
			isa = PBXProject;
			attributes = {
				BuildIndependentTargetsInParallel = 1;
				LastSwiftUpdateCheck = 1340;
				LastUpgradeCheck = 1340;
				TargetAttributes = {
					7F441D2D28BD97D70056612C = {
						CreatedOnToolsVersion = 13.4.1;
					};
				};
			};
			buildConfigurationList = 7F441D2928BD97D70056612C /* Build configuration list for PBXProject "JecSensor49" */;
			compatibilityVersion = "Xcode 13.0";
			developmentRegion = en;
			hasScannedForEncodings = 0;
			knownRegions = (
				en,
				Base,
			);
			mainGroup = 7F441D2528BD97D70056612C;
			productRefGroup = 7F441D2F28BD97D70056612C /* Products */;
			projectDirPath = "";
			projectRoot = "";
			targets = (
				7F441D2D28BD97D70056612C /* JecSensor49 */,
			);
		};
/* End PBXProject section */

/* Begin PBXResourcesBuildPhase section */
		7F441D2C28BD97D70056612C /* Resources */ = {
			isa = PBXResourcesBuildPhase;
			buildActionMask = 2147483647;
			files = (
				7F441D3B28BD97DA0056612C /* Preview Assets.xcassets in Resources */,
				7F441D3828BD97DA0056612C /* Assets.xcassets in Resources */,
			);
			runOnlyForDeploymentPostprocessing = 0;
		};
/* End PBXResourcesBuildPhase section */

/* Begin PBXShellScriptBuildPhase section */
		774FB7E4D5037A8AACB2ED90 /* [CP] Embed Pods Frameworks */ = {
			isa = PBXShellScriptBuildPhase;
			buildActionMask = 2147483647;
			files = (
			);
			inputFileListPaths = (
				"${PODS_ROOT}/Target Support Files/Pods-JecSensor49/Pods-JecSensor49-frameworks-${CONFIGURATION}-input-files.xcfilelist",
			);
			name = "[CP] Embed Pods Frameworks";
			outputFileListPaths = (
				"${PODS_ROOT}/Target Support Files/Pods-JecSensor49/Pods-JecSensor49-frameworks-${CONFIGURATION}-output-files.xcfilelist",
			);
			runOnlyForDeploymentPostprocessing = 0;
			shellPath = /bin/sh;
			shellScript = "\"${PODS_ROOT}/Target Support Files/Pods-JecSensor49/Pods-JecSensor49-frameworks.sh\"\n";
			showEnvVarsInLog = 0;
		};
		EC370A411FEB4A7E0BDC63D2 /* [CP] Check Pods Manifest.lock */ = {
			isa = PBXShellScriptBuildPhase;
			buildActionMask = 2147483647;
			files = (
			);
			inputFileListPaths = (
			);
			inputPaths = (
				"${PODS_PODFILE_DIR_PATH}/Podfile.lock",
				"${PODS_ROOT}/Manifest.lock",
			);
			name = "[CP] Check Pods Manifest.lock";
			outputFileListPaths = (
			);
			outputPaths = (
				"$(DERIVED_FILE_DIR)/Pods-JecSensor49-checkManifestLockResult.txt",
			);
			runOnlyForDeploymentPostprocessing = 0;
			shellPath = /bin/sh;
			shellScript = "diff \"${PODS_PODFILE_DIR_PATH}/Podfile.lock\" \"${PODS_ROOT}/Manifest.lock\" > /dev/null\nif [ $? != 0 ] ; then\n    # print error to STDERR\n    echo \"error: The sandbox is not in sync with the Podfile.lock. Run 'pod install' or update your CocoaPods installation.\" >&2\n    exit 1\nfi\n# This output is used by Xcode 'outputs' to avoid re-running this script phase.\necho \"SUCCESS\" > \"${SCRIPT_OUTPUT_FILE_0}\"\n";
			showEnvVarsInLog = 0;
		};
/* End PBXShellScriptBuildPhase section */

/* Begin PBXSourcesBuildPhase section */
		7F441D2A28BD97D70056612C /* Sources */ = {
			isa = PBXSourcesBuildPhase;
			buildActionMask = 2147483647;
			files = (
				7F441D4428BD99610056612C /* SensorView.swift in Sources */,
				7F441D3428BD97D70056612C /* ContentView.swift in Sources */,
				7F441D4228BD98A70056612C /* HomeView.swift in Sources */,
				7F441D4628BD9D890056612C /* PlayerView.swift in Sources */,
				7F441D3228BD97D70056612C /* AppDelegate.swift in Sources */,
				7F441D3628BD97D70056612C /* Experience.rcproject in Sources */,
			);
			runOnlyForDeploymentPostprocessing = 0;
		};
/* End PBXSourcesBuildPhase section */

/* Begin XCBuildConfiguration section */
		7F441D3C28BD97DA0056612C /* Debug */ = {
			isa = XCBuildConfiguration;
			buildSettings = {
				ALWAYS_SEARCH_USER_PATHS = NO;
				CLANG_ANALYZER_NONNULL = YES;
				CLANG_ANALYZER_NUMBER_OBJECT_CONVERSION = YES_AGGRESSIVE;
				CLANG_CXX_LANGUAGE_STANDARD = "gnu++17";
				CLANG_ENABLE_MODULES = YES;
				CLANG_ENABLE_OBJC_ARC = YES;
				CLANG_ENABLE_OBJC_WEAK = YES;
				CLANG_WARN_BLOCK_CAPTURE_AUTORELEASING = YES;
				CLANG_WARN_BOOL_CONVERSION = YES;
				CLANG_WARN_COMMA = YES;
				CLANG_WARN_CONSTANT_CONVERSION = YES;
				CLANG_WARN_DEPRECATED_OBJC_IMPLEMENTATIONS = YES;
				CLANG_WARN_DIRECT_OBJC_ISA_USAGE = YES_ERROR;
				CLANG_WARN_DOCUMENTATION_COMMENTS = YES;
				CLANG_WARN_EMPTY_BODY = YES;
				CLANG_WARN_ENUM_CONVERSION = YES;
				CLANG_WARN_INFINITE_RECURSION = YES;
				CLANG_WARN_INT_CONVERSION = YES;
				CLANG_WARN_NON_LITERAL_NULL_CONVERSION = YES;
				CLANG_WARN_OBJC_IMPLICIT_RETAIN_SELF = YES;
				CLANG_WARN_OBJC_LITERAL_CONVERSION = YES;
				CLANG_WARN_OBJC_ROOT_CLASS = YES_ERROR;
				CLANG_WARN_QUOTED_INCLUDE_IN_FRAMEWORK_HEADER = YES;
				CLANG_WARN_RANGE_LOOP_ANALYSIS = YES;
				CLANG_WARN_STRICT_PROTOTYPES = YES;
				CLANG_WARN_SUSPICIOUS_MOVE = YES;
				CLANG_WARN_UNGUARDED_AVAILABILITY = YES_AGGRESSIVE;
				CLANG_WARN_UNREACHABLE_CODE = YES;
				CLANG_WARN__DUPLICATE_METHOD_MATCH = YES;
				COPY_PHASE_STRIP = NO;
				DEBUG_INFORMATION_FORMAT = dwarf;
				ENABLE_STRICT_OBJC_MSGSEND = YES;
				ENABLE_TESTABILITY = YES;
				GCC_C_LANGUAGE_STANDARD = gnu11;
				GCC_DYNAMIC_NO_PIC = NO;
				GCC_NO_COMMON_BLOCKS = YES;
				GCC_OPTIMIZATION_LEVEL = 0;
				GCC_PREPROCESSOR_DEFINITIONS = (
					"DEBUG=1",
					"$(inherited)",
				);
				GCC_WARN_64_TO_32_BIT_CONVERSION = YES;
				GCC_WARN_ABOUT_RETURN_TYPE = YES_ERROR;
				GCC_WARN_UNDECLARED_SELECTOR = YES;
				GCC_WARN_UNINITIALIZED_AUTOS = YES_AGGRESSIVE;
				GCC_WARN_UNUSED_FUNCTION = YES;
				GCC_WARN_UNUSED_VARIABLE = YES;
				IPHONEOS_DEPLOYMENT_TARGET = 15.5;
				MTL_ENABLE_DEBUG_INFO = INCLUDE_SOURCE;
				MTL_FAST_MATH = YES;
				ONLY_ACTIVE_ARCH = YES;
				SDKROOT = iphoneos;
				SWIFT_ACTIVE_COMPILATION_CONDITIONS = DEBUG;
				SWIFT_OPTIMIZATION_LEVEL = "-Onone";
			};
			name = Debug;
		};
		7F441D3D28BD97DA0056612C /* Release */ = {
			isa = XCBuildConfiguration;
			buildSettings = {
				ALWAYS_SEARCH_USER_PATHS = NO;
				CLANG_ANALYZER_NONNULL = YES;
				CLANG_ANALYZER_NUMBER_OBJECT_CONVERSION = YES_AGGRESSIVE;
				CLANG_CXX_LANGUAGE_STANDARD = "gnu++17";
				CLANG_ENABLE_MODULES = YES;
				CLANG_ENABLE_OBJC_ARC = YES;
				CLANG_ENABLE_OBJC_WEAK = YES;
				CLANG_WARN_BLOCK_CAPTURE_AUTORELEASING = YES;
				CLANG_WARN_BOOL_CONVERSION = YES;
				CLANG_WARN_COMMA = YES;
				CLANG_WARN_CONSTANT_CONVERSION = YES;
				CLANG_WARN_DEPRECATED_OBJC_IMPLEMENTATIONS = YES;
				CLANG_WARN_DIRECT_OBJC_ISA_USAGE = YES_ERROR;
				CLANG_WARN_DOCUMENTATION_COMMENTS = YES;
				CLANG_WARN_EMPTY_BODY = YES;
				CLANG_WARN_ENUM_CONVERSION = YES;
				CLANG_WARN_INFINITE_RECURSION = YES;
				CLANG_WARN_INT_CONVERSION = YES;
				CLANG_WARN_NON_LITERAL_NULL_CONVERSION = YES;
				CLANG_WARN_OBJC_IMPLICIT_RETAIN_SELF = YES;
				CLANG_WARN_OBJC_LITERAL_CONVERSION = YES;
				CLANG_WARN_OBJC_ROOT_CLASS = YES_ERROR;
				CLANG_WARN_QUOTED_INCLUDE_IN_FRAMEWORK_HEADER = YES;
				CLANG_WARN_RANGE_LOOP_ANALYSIS = YES;
				CLANG_WARN_STRICT_PROTOTYPES = YES;
				CLANG_WARN_SUSPICIOUS_MOVE = YES;
				CLANG_WARN_UNGUARDED_AVAILABILITY = YES_AGGRESSIVE;
				CLANG_WARN_UNREACHABLE_CODE = YES;
				CLANG_WARN__DUPLICATE_METHOD_MATCH = YES;
				COPY_PHASE_STRIP = NO;
				DEBUG_INFORMATION_FORMAT = "dwarf-with-dsym";
				ENABLE_NS_ASSERTIONS = NO;
				ENABLE_STRICT_OBJC_MSGSEND = YES;
				GCC_C_LANGUAGE_STANDARD = gnu11;
				GCC_NO_COMMON_BLOCKS = YES;
				GCC_WARN_64_TO_32_BIT_CONVERSION = YES;
				GCC_WARN_ABOUT_RETURN_TYPE = YES_ERROR;
				GCC_WARN_UNDECLARED_SELECTOR = YES;
				GCC_WARN_UNINITIALIZED_AUTOS = YES_AGGRESSIVE;
				GCC_WARN_UNUSED_FUNCTION = YES;
				GCC_WARN_UNUSED_VARIABLE = YES;
				IPHONEOS_DEPLOYMENT_TARGET = 15.5;
				MTL_ENABLE_DEBUG_INFO = NO;
				MTL_FAST_MATH = YES;
				SDKROOT = iphoneos;
				SWIFT_COMPILATION_MODE = wholemodule;
				SWIFT_OPTIMIZATION_LEVEL = "-O";
				VALIDATE_PRODUCT = YES;
			};
			name = Release;
		};
		7F441D3F28BD97DA0056612C /* Debug */ = {
			isa = XCBuildConfiguration;
			baseConfigurationReference = 413AE7C1B7CB061ADC4E6FCF /* Pods-JecSensor49.debug.xcconfig */;
			buildSettings = {
				ASSETCATALOG_COMPILER_APPICON_NAME = AppIcon;
				ASSETCATALOG_COMPILER_GLOBAL_ACCENT_COLOR_NAME = AccentColor;
				CODE_SIGN_STYLE = Automatic;
				CURRENT_PROJECT_VERSION = 1;
				DEVELOPMENT_ASSET_PATHS = "\"JecSensor49/Preview Content\"";
				DEVELOPMENT_TEAM = GN7L4F7FMS;
				ENABLE_PREVIEWS = YES;
				GENERATE_INFOPLIST_FILE = YES;
				INFOPLIST_KEY_NSCameraUsageDescription = "";
				INFOPLIST_KEY_UIApplicationSupportsIndirectInputEvents = YES;
				INFOPLIST_KEY_UILaunchScreen_Generation = YES;
				INFOPLIST_KEY_UIRequiredDeviceCapabilities = arkit;
				INFOPLIST_KEY_UIStatusBarHidden = YES;
				INFOPLIST_KEY_UISupportedInterfaceOrientations_iPad = "UIInterfaceOrientationPortrait UIInterfaceOrientationPortraitUpsideDown UIInterfaceOrientationLandscapeLeft UIInterfaceOrientationLandscapeRight";
				INFOPLIST_KEY_UISupportedInterfaceOrientations_iPhone = "UIInterfaceOrientationPortrait UIInterfaceOrientationLandscapeLeft UIInterfaceOrientationLandscapeRight";
				INFOPLIST_KEY_UIUserInterfaceStyle = Light;
				LD_RUNPATH_SEARCH_PATHS = (
					"$(inherited)",
					"@executable_path/Frameworks",
				);
				MARKETING_VERSION = 1.0;
				PRODUCT_BUNDLE_IDENTIFIER = com.JecSensor49;
				PRODUCT_NAME = "$(TARGET_NAME)";
				SWIFT_EMIT_LOC_STRINGS = YES;
				SWIFT_VERSION = 5.0;
				TARGETED_DEVICE_FAMILY = "1,2";
			};
			name = Debug;
		};
		7F441D4028BD97DA0056612C /* Release */ = {
			isa = XCBuildConfiguration;
			baseConfigurationReference = 8D26FF812A7E4527680D1F11 /* Pods-JecSensor49.release.xcconfig */;
			buildSettings = {
				ASSETCATALOG_COMPILER_APPICON_NAME = AppIcon;
				ASSETCATALOG_COMPILER_GLOBAL_ACCENT_COLOR_NAME = AccentColor;
				CODE_SIGN_STYLE = Automatic;
				CURRENT_PROJECT_VERSION = 1;
				DEVELOPMENT_ASSET_PATHS = "\"JecSensor49/Preview Content\"";
				DEVELOPMENT_TEAM = GN7L4F7FMS;
				ENABLE_PREVIEWS = YES;
				GENERATE_INFOPLIST_FILE = YES;
				INFOPLIST_KEY_NSCameraUsageDescription = "";
				INFOPLIST_KEY_UIApplicationSupportsIndirectInputEvents = YES;
				INFOPLIST_KEY_UILaunchScreen_Generation = YES;
				INFOPLIST_KEY_UIRequiredDeviceCapabilities = arkit;
				INFOPLIST_KEY_UIStatusBarHidden = YES;
				INFOPLIST_KEY_UISupportedInterfaceOrientations_iPad = "UIInterfaceOrientationPortrait UIInterfaceOrientationPortraitUpsideDown UIInterfaceOrientationLandscapeLeft UIInterfaceOrientationLandscapeRight";
				INFOPLIST_KEY_UISupportedInterfaceOrientations_iPhone = "UIInterfaceOrientationPortrait UIInterfaceOrientationLandscapeLeft UIInterfaceOrientationLandscapeRight";
				INFOPLIST_KEY_UIUserInterfaceStyle = Light;
				LD_RUNPATH_SEARCH_PATHS = (
					"$(inherited)",
					"@executable_path/Frameworks",
				);
				MARKETING_VERSION = 1.0;
				PRODUCT_BUNDLE_IDENTIFIER = com.JecSensor49;
				PRODUCT_NAME = "$(TARGET_NAME)";
				SWIFT_EMIT_LOC_STRINGS = YES;
				SWIFT_VERSION = 5.0;
				TARGETED_DEVICE_FAMILY = "1,2";
			};
			name = Release;
		};
/* End XCBuildConfiguration section */

/* Begin XCConfigurationList section */
		7F441D2928BD97D70056612C /* Build configuration list for PBXProject "JecSensor49" */ = {
			isa = XCConfigurationList;
			buildConfigurations = (
				7F441D3C28BD97DA0056612C /* Debug */,
				7F441D3D28BD97DA0056612C /* Release */,
			);
			defaultConfigurationIsVisible = 0;
			defaultConfigurationName = Release;
		};
		7F441D3E28BD97DA0056612C /* Build configuration list for PBXNativeTarget "JecSensor49" */ = {
			isa = XCConfigurationList;
			buildConfigurations = (
				7F441D3F28BD97DA0056612C /* Debug */,
				7F441D4028BD97DA0056612C /* Release */,
			);
			defaultConfigurationIsVisible = 0;
			defaultConfigurationName = Release;
		};
/* End XCConfigurationList section */
	};
	rootObject = 7F441D2628BD97D70056612C /* Project object */;
}
